
Microsoft Visual Studio Solution File, Format Version 12.00
# Visual Studio Version 16
VisualStudioVersion = 16.0.31205.134
MinimumVisualStudioVersion = 10.0.40219.1
Project("{FAE04EC0-301F-11D3-BF4B-00C04F79EFBC}") = "RecordInDll", "RecordInDll\RecordInDll.csproj", "{BEFE414D-76A6-4F2A-A93E-6F40376B73C9}"
EndProject
Global
	GlobalSection(SolutionConfigurationPlatforms) = preSolution
		Debug|Any CPU = Debug|Any CPU
		Release|Any CPU = Release|Any CPU
	EndGlobalSection
	GlobalSection(ProjectConfigurationPlatforms) = postSolution
		{BEFE414D-76A6-4F2A-A93E-6F40376B73C9}.Debug|Any CPU.ActiveCfg = Debug|Any CPU
		{BEFE414D-76A6-4F2A-A93E-6F40376B73C9}.Debug|Any CPU.Build.0 = Debug|Any CPU
		{BEFE414D-76A6-4F2A-A93E-6F40376B73C9}.Release|Any CPU.ActiveCfg = Release|Any CPU
		{BEFE414D-76A6-4F2A-A93E-6F40376B73C9}.Release|Any CPU.Build.0 = Release|Any CPU
	EndGlobalSection
	GlobalSection(SolutionProperties) = preSolution
		HideSolutionNode = FALSE
	EndGlobalSection
	GlobalSection(ExtensibilityGlobals) = postSolution
		SolutionGuid = {378C9180-24EA-4386-B1D4-8E8D8FC05D4C}
	EndGlobalSection
EndGlobal
