
Microsoft Visual Studio Solution File, Format Version 12.00
# Visual Studio Version 16
VisualStudioVersion = 16.0.31205.134
MinimumVisualStudioVersion = 10.0.40219.1
Project("{2150E333-8FDC-42A3-9474-1A3956D46DE8}") = "Solution Items", "Solution Items", "{77E5E86E-17A7-4524-A3D5-AC6B305DF0DF}"
	ProjectSection(SolutionItems) = preProject
		Agenda.md = Agenda.md
	EndProjectSection
EndProject
Project("{2150E333-8FDC-42A3-9474-1A3956D46DE8}") = "CSharpVersionen", "CSharpVersionen", "{97EFB47D-F138-409A-AB76-E839B179D8F3}"
EndProject
Project("{FAE04EC0-301F-11D3-BF4B-00C04F79EFBC}") = "CSharp70Samples", "CSharp70Samples\CSharp70Samples.csproj", "{472F1568-1DD9-437B-B406-937E646D88C8}"
EndProject
Project("{FAE04EC0-301F-11D3-BF4B-00C04F79EFBC}") = "CSharp71Samples", "CSharp71Samples\CSharp71Samples.csproj", "{8F6B3DC5-9AE0-43CD-9FF6-BC23FDFA30EF}"
EndProject
Project("{FAE04EC0-301F-11D3-BF4B-00C04F79EFBC}") = "CSharp72", "CSharp72\CSharp72.csproj", "{2657C168-599D-404E-AB24-40024E7DB196}"
EndProject
Project("{FAE04EC0-301F-11D3-BF4B-00C04F79EFBC}") = "CSharp80", "CSharp80\CSharp80.csproj", "{8919F57D-37A7-4410-89F8-A6468E98807F}"
EndProject
Global
	GlobalSection(SolutionConfigurationPlatforms) = preSolution
		Debug|Any CPU = Debug|Any CPU
		Release|Any CPU = Release|Any CPU
	EndGlobalSection
	GlobalSection(ProjectConfigurationPlatforms) = postSolution
		{472F1568-1DD9-437B-B406-937E646D88C8}.Debug|Any CPU.ActiveCfg = Debug|Any CPU
		{472F1568-1DD9-437B-B406-937E646D88C8}.Debug|Any CPU.Build.0 = Debug|Any CPU
		{472F1568-1DD9-437B-B406-937E646D88C8}.Release|Any CPU.ActiveCfg = Release|Any CPU
		{472F1568-1DD9-437B-B406-937E646D88C8}.Release|Any CPU.Build.0 = Release|Any CPU
		{8F6B3DC5-9AE0-43CD-9FF6-BC23FDFA30EF}.Debug|Any CPU.ActiveCfg = Debug|Any CPU
		{8F6B3DC5-9AE0-43CD-9FF6-BC23FDFA30EF}.Debug|Any CPU.Build.0 = Debug|Any CPU
		{8F6B3DC5-9AE0-43CD-9FF6-BC23FDFA30EF}.Release|Any CPU.ActiveCfg = Release|Any CPU
		{8F6B3DC5-9AE0-43CD-9FF6-BC23FDFA30EF}.Release|Any CPU.Build.0 = Release|Any CPU
		{2657C168-599D-404E-AB24-40024E7DB196}.Debug|Any CPU.ActiveCfg = Debug|Any CPU
		{2657C168-599D-404E-AB24-40024E7DB196}.Debug|Any CPU.Build.0 = Debug|Any CPU
		{2657C168-599D-404E-AB24-40024E7DB196}.Release|Any CPU.ActiveCfg = Release|Any CPU
		{2657C168-599D-404E-AB24-40024E7DB196}.Release|Any CPU.Build.0 = Release|Any CPU
		{8919F57D-37A7-4410-89F8-A6468E98807F}.Debug|Any CPU.ActiveCfg = Debug|Any CPU
		{8919F57D-37A7-4410-89F8-A6468E98807F}.Debug|Any CPU.Build.0 = Debug|Any CPU
		{8919F57D-37A7-4410-89F8-A6468E98807F}.Release|Any CPU.ActiveCfg = Release|Any CPU
		{8919F57D-37A7-4410-89F8-A6468E98807F}.Release|Any CPU.Build.0 = Release|Any CPU
	EndGlobalSection
	GlobalSection(SolutionProperties) = preSolution
		HideSolutionNode = FALSE
	EndGlobalSection
	GlobalSection(NestedProjects) = preSolution
		{472F1568-1DD9-437B-B406-937E646D88C8} = {97EFB47D-F138-409A-AB76-E839B179D8F3}
		{8F6B3DC5-9AE0-43CD-9FF6-BC23FDFA30EF} = {97EFB47D-F138-409A-AB76-E839B179D8F3}
		{2657C168-599D-404E-AB24-40024E7DB196} = {97EFB47D-F138-409A-AB76-E839B179D8F3}
		{8919F57D-37A7-4410-89F8-A6468E98807F} = {97EFB47D-F138-409A-AB76-E839B179D8F3}
	EndGlobalSection
	GlobalSection(ExtensibilityGlobals) = postSolution
		SolutionGuid = {970B4A6D-8BC1-47B1-BD85-8A6648A5AC0C}
	EndGlobalSection
EndGlobal
