
Microsoft Visual Studio Solution File, Format Version 12.00
# Visual Studio Version 16
VisualStudioVersion = 16.0.31205.134
MinimumVisualStudioVersion = 10.0.40219.1
Project("{2150E333-8FDC-42A3-9474-1A3956D46DE8}") = "Solution Items", "Solution Items", "{77E5E86E-17A7-4524-A3D5-AC6B305DF0DF}"
	ProjectSection(SolutionItems) = preProject
		Agenda.md = Agenda.md
	EndProjectSection
EndProject
Project("{2150E333-8FDC-42A3-9474-1A3956D46DE8}") = "CSharpVersionen", "CSharpVersionen", "{97EFB47D-F138-409A-AB76-E839B179D8F3}"
EndProject
Project("{9A19103F-16F7-4668-BE54-9A1E7A4F7556}") = "CSharp70Samples", "CSharp70Samples\CSharp70Samples.csproj", "{472F1568-1DD9-437B-B406-937E646D88C8}"
EndProject
Project("{9A19103F-16F7-4668-BE54-9A1E7A4F7556}") = "CSharp71Samples", "CSharp71Samples\CSharp71Samples.csproj", "{8F6B3DC5-9AE0-43CD-9FF6-BC23FDFA30EF}"
EndProject
Project("{9A19103F-16F7-4668-BE54-9A1E7A4F7556}") = "CSharp72", "CSharp72\CSharp72.csproj", "{2657C168-599D-404E-AB24-40024E7DB196}"
EndProject
Project("{9A19103F-16F7-4668-BE54-9A1E7A4F7556}") = "CSharp80", "CSharp80\CSharp80.csproj", "{8919F57D-37A7-4410-89F8-A6468E98807F}"
EndProject
Project("{9A19103F-16F7-4668-BE54-9A1E7A4F7556}") = "CSharp90", "CSharp90\CSharp90.csproj", "{BB0E1D0B-54AD-48B8-A327-E6C3B3EC1AD7}"
EndProject
Project("{2150E333-8FDC-42A3-9474-1A3956D46DE8}") = "SOLID Rules", "SOLID Rules", "{8D9005C7-B5D0-47F2-B331-554E661C8C06}"
EndProject
Project("{9A19103F-16F7-4668-BE54-9A1E7A4F7556}") = "Single-Responsibility-Prinzip", "Single-Responsibility-Prinzip\Single-Responsibility-Prinzip.csproj", "{2A599A85-9824-4090-A803-3BB9A533DD88}"
EndProject
Project("{9A19103F-16F7-4668-BE54-9A1E7A4F7556}") = "OpenClosePrinciple_OCP", "OpenClosePrinciple_OCP\OpenClosePrinciple_OCP.csproj", "{4E21C283-912D-47C5-88F7-C5907CF3C366}"
EndProject
Project("{9A19103F-16F7-4668-BE54-9A1E7A4F7556}") = "LizkovSample", "LizkovSample\LizkovSample.csproj", "{FE5CADD3-F641-4FCB-9470-98D60FF3E03A}"
EndProject
Project("{9A19103F-16F7-4668-BE54-9A1E7A4F7556}") = "DependencyInversionSample", "DependencyInversionSample\DependencyInversionSample.csproj", "{B39C9D1B-6922-4D76-AA4A-77833FC3ABCC}"
EndProject
Project("{9A19103F-16F7-4668-BE54-9A1E7A4F7556}") = "Interface_Segregation_principle_ISP", "Interface_Segregation_principle_ISP\Interface_Segregation_principle_ISP.csproj", "{C57A7D02-86D1-4890-96DD-4CC44EAC1942}"
EndProject
Project("{2150E333-8FDC-42A3-9474-1A3956D46DE8}") = "Labs", "Labs", "{F30CF65B-327A-440E-BC4B-5F17463D6CC5}"
EndProject
Project("{9A19103F-16F7-4668-BE54-9A1E7A4F7556}") = "Übung_Solid1", "Übung_Solid1\Übung_Solid1.csproj", "{4AB8E4DD-E482-4F08-B5DF-1D0A2BCDDEF3}"
EndProject
Project("{9A19103F-16F7-4668-BE54-9A1E7A4F7556}") = "Übung_Solid2", "Übung_Solid2\Übung_Solid2.csproj", "{F2E86CED-7DA6-4E81-9D92-6CC4B9F0B93B}"
EndProject
Project("{2150E333-8FDC-42A3-9474-1A3956D46DE8}") = "Benchmarks", "Benchmarks", "{5C4773CE-F79C-4447-B42D-AC31F83456FC}"
EndProject
Project("{9A19103F-16F7-4668-BE54-9A1E7A4F7556}") = "StringBenachmarkTest", "StringBenachmarkTest\StringBenachmarkTest.csproj", "{733802CF-2725-4D99-83CE-B6A0328B2D90}"
EndProject
Project("{2150E333-8FDC-42A3-9474-1A3956D46DE8}") = "Threading", "Threading", "{378187E8-EDC8-42BB-800C-232E1CEF4340}"
EndProject
Project("{9A19103F-16F7-4668-BE54-9A1E7A4F7556}") = "HelloThreading", "HelloThreading\HelloThreading.csproj", "{33F586B2-AF71-4A72-8D0B-55A9E4DF76CE}"
EndProject
Project("{9A19103F-16F7-4668-BE54-9A1E7A4F7556}") = "LockSample", "LockSample\LockSample.csproj", "{6C40681B-17B7-4A82-8731-133A94EF7A03}"
EndProject
Project("{9A19103F-16F7-4668-BE54-9A1E7A4F7556}") = "MonitorSample", "MonitorSample\MonitorSample.csproj", "{BCAE65AB-E925-4C4E-8505-A5AFD6171BCB}"
EndProject
Project("{9A19103F-16F7-4668-BE54-9A1E7A4F7556}") = "MutexSample", "MutexSample\MutexSample.csproj", "{344BA2E1-8DDB-468E-9929-EF0E1046ABEA}"
EndProject
Project("{9A19103F-16F7-4668-BE54-9A1E7A4F7556}") = "MutexSample_ProgrammInstance", "MutexSample_ProgrammInstance\MutexSample_ProgrammInstance.csproj", "{0E666975-28EB-42C7-BC8B-259AC7A4CB45}"
EndProject
Project("{2150E333-8FDC-42A3-9474-1A3956D46DE8}") = "TPL", "TPL", "{F57DEEF5-C36C-4053-8A9C-495885B78B8D}"
EndProject
Project("{9A19103F-16F7-4668-BE54-9A1E7A4F7556}") = "001_EasyTask", "001_EasyTask\001_EasyTask.csproj", "{73C0E2A9-6405-4CC4-BC4C-AE3C6207EA9E}"
EndProject
Project("{9A19103F-16F7-4668-BE54-9A1E7A4F7556}") = "002_TaskFactorySample", "TaskFactorySample\002_TaskFactorySample.csproj", "{EFCE7FD8-5B6A-47FC-AC2A-BBE42D58182E}"
EndProject
Project("{9A19103F-16F7-4668-BE54-9A1E7A4F7556}") = "003_TaskWithParameter", "003_TaskWithParameter\003_TaskWithParameter.csproj", "{2CB38DC0-EDC6-46C0-8C7C-D288E5382213}"
EndProject
Project("{9A19103F-16F7-4668-BE54-9A1E7A4F7556}") = "004_EinfacherTaskBeenden", "004_EinfacherTaskBeenden\004_EinfacherTaskBeenden.csproj", "{046FEB58-B768-4052-96DF-007375C2ECC0}"
EndProject
Project("{9A19103F-16F7-4668-BE54-9A1E7A4F7556}") = "TaskMitExceptions", "TaskMitExceptions\TaskMitExceptions.csproj", "{EC249F93-AA13-4D24-AB0A-6CC66E13DAE2}"
EndProject
Project("{9A19103F-16F7-4668-BE54-9A1E7A4F7556}") = "ContinueSample", "ContinueSample\ContinueSample.csproj", "{676F3C91-EC2C-4FF4-91D7-82D05008C5D5}"
EndProject
Project("{9A19103F-16F7-4668-BE54-9A1E7A4F7556}") = "Erstellen_einer_Fortsetzung_für_mehrere_Task", "Erstellen_einer_Fortsetzung_für_mehrere_Task\Erstellen_einer_Fortsetzung_für_mehrere_Task.csproj", "{6F682624-3CBD-4F33-BE8C-43142B6B4D3D}"
EndProject
Project("{9A19103F-16F7-4668-BE54-9A1E7A4F7556}") = "DataTransferToContinueTask", "DataTransferToContinueTask\DataTransferToContinueTask.csproj", "{16200917-A2D5-4189-9FFF-9C37451D4D47}"
EndProject
Project("{9A19103F-16F7-4668-BE54-9A1E7A4F7556}") = "AbbrechenEinerFortsetzung", "AbbrechenEinerFortsetzung\AbbrechenEinerFortsetzung.csproj", "{8D1690A8-C402-417D-933E-6F5B7EE502FB}"
EndProject
Project("{9A19103F-16F7-4668-BE54-9A1E7A4F7556}") = "ThreadWithReturnValue", "ThreadWithReturnValue\ThreadWithReturnValue.csproj", "{73756E27-3467-4D69-BB69-36B42D833460}"
EndProject
Project("{9A19103F-16F7-4668-BE54-9A1E7A4F7556}") = "ThreadWithCallback", "ThreadWithCallback\ThreadWithCallback.csproj", "{C8480C78-E1D0-4B34-A08B-6CAF730CBC9B}"
EndProject
Project("{9A19103F-16F7-4668-BE54-9A1E7A4F7556}") = "009_Abbrechen_einer_Fortsetzung", "009_Abbrechen_einer_Fortsetzung\009_Abbrechen_einer_Fortsetzung.csproj", "{1E02BCA2-2279-4D7D-BDEF-95E174B2549A}"
EndProject
Project("{9A19103F-16F7-4668-BE54-9A1E7A4F7556}") = "009_Abbrechen_einer_FortsetzungB", "009_Abbrechen_einer_FortsetzungB\009_Abbrechen_einer_FortsetzungB.csproj", "{13DD0DCF-4E34-4403-8C4E-8AEC56E8222F}"
EndProject
Project("{9A19103F-16F7-4668-BE54-9A1E7A4F7556}") = "010_Fortsetzungen_und_untergeordnete_Tasks", "010_Fortsetzungen_und_untergeordnete_Tasks\010_Fortsetzungen_und_untergeordnete_Tasks.csproj", "{B4ADF830-D999-4EB5-B54D-EA13F514CED2}"
EndProject
Project("{9A19103F-16F7-4668-BE54-9A1E7A4F7556}") = "010_Fortsetzungen_und_untergeordnete_Tasks_B", "010_Fortsetzungen_und_untergeordnete_Tasks_B\010_Fortsetzungen_und_untergeordnete_Tasks_B.csproj", "{2E50B96A-0D74-42E8-95F7-FBF9EFD215F2}"
EndProject
Project("{9A19103F-16F7-4668-BE54-9A1E7A4F7556}") = "013_Behandeln_von_durch_Fortsetzungen_ausgelösten_Ausnahmen", "013_Behandeln_von_durch_Fortsetzungen_ausgelösten_Ausnahmen\013_Behandeln_von_durch_Fortsetzungen_ausgelösten_Ausnahmen.csproj", "{A0A0E2C4-840B-4EA9-A95B-395B40D808DE}"
EndProject
Project("{9A19103F-16F7-4668-BE54-9A1E7A4F7556}") = "013_Behandeln_von_durch_Fortsetzungen_ausgelösten_AusnahmenB", "013_Behandeln_von_durch_Fortsetzungen_ausgelösten_AusnahmenB\013_Behandeln_von_durch_Fortsetzungen_ausgelösten_AusnahmenB.csproj", "{0F4CEFB2-EFB7-489C-9FB1-97D42A498329}"
EndProject
Project("{9A19103F-16F7-4668-BE54-9A1E7A4F7556}") = "AsyncAwaitSample", "AsyncAwaitSample\AsyncAwaitSample.csproj", "{B82CD340-11B7-49D8-8BC6-BA929B457396}"
EndProject
Project("{FAE04EC0-301F-11D3-BF4B-00C04F79EFBC}") = "HalloAsync", "HalloAsync\HalloAsync\HalloAsync.csproj", "{8518674C-843F-4BCF-BAD3-3EAEB28E48EF}"
EndProject
Project("{9A19103F-16F7-4668-BE54-9A1E7A4F7556}") = "BenchmarkTestParallelForVsFor", "BenchmarkTestParallelForVsFor\BenchmarkTestParallelForVsFor.csproj", "{8E1097EF-74D9-4BC0-A138-4E26DCBB94D4}"
EndProject
Project("{2150E333-8FDC-42A3-9474-1A3956D46DE8}") = "Generics", "Generics", "{3E66EF8B-AA95-423A-9A3C-A8CC16721FB4}"
EndProject
Project("{9A19103F-16F7-4668-BE54-9A1E7A4F7556}") = "GenericBasics", "GenericBasics\GenericBasics.csproj", "{7626F8EB-0BA2-4385-ACE8-F2FAB60DFB0F}"
EndProject
Project("{9A19103F-16F7-4668-BE54-9A1E7A4F7556}") = "GenericQuiz", "GenericQuiz\GenericQuiz.csproj", "{4E8481AF-EA75-4308-85F3-B967EBFD4F05}"
EndProject
Project("{2150E333-8FDC-42A3-9474-1A3956D46DE8}") = "DelegatesActionsFuncsEvents", "DelegatesActionsFuncsEvents", "{A1D39A80-300C-425A-9B8B-B11F049E0F96}"
EndProject
Project("{9A19103F-16F7-4668-BE54-9A1E7A4F7556}") = "DelegatesActionsFuncSample", "DelegatesActionsFuncSample\DelegatesActionsFuncSample.csproj", "{56B68B73-4D97-4443-A74D-F18E85BA5E63}"
EndProject
Project("{9A19103F-16F7-4668-BE54-9A1E7A4F7556}") = "DeleagateWithCallback", "DeleagateWithCallback\DeleagateWithCallback.csproj", "{A8407EB6-A469-46A0-979D-EC64084A6931}"
EndProject
Project("{9A19103F-16F7-4668-BE54-9A1E7A4F7556}") = "EventAndEventHandler", "EventAndEventHandler\EventAndEventHandler.csproj", "{9866045E-EB2E-470A-9790-89EDE0012528}"
EndProject
Project("{2150E333-8FDC-42A3-9474-1A3956D46DE8}") = "Reflections", "Reflections", "{243AF777-AFDF-4896-AB39-B51D17C5D55F}"
EndProject
Project("{9A19103F-16F7-4668-BE54-9A1E7A4F7556}") = "TrumpTaschenrechner", "TrumpTaschenrechner\TrumpTaschenrechner.csproj", "{B5D97B60-A0E2-4DD8-969D-EC30EC3C53E5}"
EndProject
Project("{9A19103F-16F7-4668-BE54-9A1E7A4F7556}") = "HelloReflection", "HelloReflection\HelloReflection.csproj", "{7DCA0235-4A6E-4DE8-A5F4-8E14333D0334}"
EndProject
Project("{FAE04EC0-301F-11D3-BF4B-00C04F79EFBC}") = "Serialisierung", "Serialisierung\Serialisierung.csproj", "{C950BE77-6B0D-47C7-82DD-CB292E93EECB}"
EndProject
Global
	GlobalSection(SolutionConfigurationPlatforms) = preSolution
		Debug|Any CPU = Debug|Any CPU
		Release|Any CPU = Release|Any CPU
	EndGlobalSection
	GlobalSection(ProjectConfigurationPlatforms) = postSolution
		{472F1568-1DD9-437B-B406-937E646D88C8}.Debug|Any CPU.ActiveCfg = Debug|Any CPU
		{472F1568-1DD9-437B-B406-937E646D88C8}.Debug|Any CPU.Build.0 = Debug|Any CPU
		{472F1568-1DD9-437B-B406-937E646D88C8}.Release|Any CPU.ActiveCfg = Release|Any CPU
		{472F1568-1DD9-437B-B406-937E646D88C8}.Release|Any CPU.Build.0 = Release|Any CPU
		{8F6B3DC5-9AE0-43CD-9FF6-BC23FDFA30EF}.Debug|Any CPU.ActiveCfg = Debug|Any CPU
		{8F6B3DC5-9AE0-43CD-9FF6-BC23FDFA30EF}.Debug|Any CPU.Build.0 = Debug|Any CPU
		{8F6B3DC5-9AE0-43CD-9FF6-BC23FDFA30EF}.Release|Any CPU.ActiveCfg = Release|Any CPU
		{8F6B3DC5-9AE0-43CD-9FF6-BC23FDFA30EF}.Release|Any CPU.Build.0 = Release|Any CPU
		{2657C168-599D-404E-AB24-40024E7DB196}.Debug|Any CPU.ActiveCfg = Debug|Any CPU
		{2657C168-599D-404E-AB24-40024E7DB196}.Debug|Any CPU.Build.0 = Debug|Any CPU
		{2657C168-599D-404E-AB24-40024E7DB196}.Release|Any CPU.ActiveCfg = Release|Any CPU
		{2657C168-599D-404E-AB24-40024E7DB196}.Release|Any CPU.Build.0 = Release|Any CPU
		{8919F57D-37A7-4410-89F8-A6468E98807F}.Debug|Any CPU.ActiveCfg = Debug|Any CPU
		{8919F57D-37A7-4410-89F8-A6468E98807F}.Debug|Any CPU.Build.0 = Debug|Any CPU
		{8919F57D-37A7-4410-89F8-A6468E98807F}.Release|Any CPU.ActiveCfg = Release|Any CPU
		{8919F57D-37A7-4410-89F8-A6468E98807F}.Release|Any CPU.Build.0 = Release|Any CPU
		{BB0E1D0B-54AD-48B8-A327-E6C3B3EC1AD7}.Debug|Any CPU.ActiveCfg = Debug|Any CPU
		{BB0E1D0B-54AD-48B8-A327-E6C3B3EC1AD7}.Debug|Any CPU.Build.0 = Debug|Any CPU
		{BB0E1D0B-54AD-48B8-A327-E6C3B3EC1AD7}.Release|Any CPU.ActiveCfg = Release|Any CPU
		{BB0E1D0B-54AD-48B8-A327-E6C3B3EC1AD7}.Release|Any CPU.Build.0 = Release|Any CPU
		{2A599A85-9824-4090-A803-3BB9A533DD88}.Debug|Any CPU.ActiveCfg = Debug|Any CPU
		{2A599A85-9824-4090-A803-3BB9A533DD88}.Debug|Any CPU.Build.0 = Debug|Any CPU
		{2A599A85-9824-4090-A803-3BB9A533DD88}.Release|Any CPU.ActiveCfg = Release|Any CPU
		{2A599A85-9824-4090-A803-3BB9A533DD88}.Release|Any CPU.Build.0 = Release|Any CPU
		{4E21C283-912D-47C5-88F7-C5907CF3C366}.Debug|Any CPU.ActiveCfg = Debug|Any CPU
		{4E21C283-912D-47C5-88F7-C5907CF3C366}.Debug|Any CPU.Build.0 = Debug|Any CPU
		{4E21C283-912D-47C5-88F7-C5907CF3C366}.Release|Any CPU.ActiveCfg = Release|Any CPU
		{4E21C283-912D-47C5-88F7-C5907CF3C366}.Release|Any CPU.Build.0 = Release|Any CPU
		{FE5CADD3-F641-4FCB-9470-98D60FF3E03A}.Debug|Any CPU.ActiveCfg = Debug|Any CPU
		{FE5CADD3-F641-4FCB-9470-98D60FF3E03A}.Debug|Any CPU.Build.0 = Debug|Any CPU
		{FE5CADD3-F641-4FCB-9470-98D60FF3E03A}.Release|Any CPU.ActiveCfg = Release|Any CPU
		{FE5CADD3-F641-4FCB-9470-98D60FF3E03A}.Release|Any CPU.Build.0 = Release|Any CPU
		{B39C9D1B-6922-4D76-AA4A-77833FC3ABCC}.Debug|Any CPU.ActiveCfg = Debug|Any CPU
		{B39C9D1B-6922-4D76-AA4A-77833FC3ABCC}.Debug|Any CPU.Build.0 = Debug|Any CPU
		{B39C9D1B-6922-4D76-AA4A-77833FC3ABCC}.Release|Any CPU.ActiveCfg = Release|Any CPU
		{B39C9D1B-6922-4D76-AA4A-77833FC3ABCC}.Release|Any CPU.Build.0 = Release|Any CPU
		{C57A7D02-86D1-4890-96DD-4CC44EAC1942}.Debug|Any CPU.ActiveCfg = Debug|Any CPU
		{C57A7D02-86D1-4890-96DD-4CC44EAC1942}.Debug|Any CPU.Build.0 = Debug|Any CPU
		{C57A7D02-86D1-4890-96DD-4CC44EAC1942}.Release|Any CPU.ActiveCfg = Release|Any CPU
		{C57A7D02-86D1-4890-96DD-4CC44EAC1942}.Release|Any CPU.Build.0 = Release|Any CPU
		{4AB8E4DD-E482-4F08-B5DF-1D0A2BCDDEF3}.Debug|Any CPU.ActiveCfg = Debug|Any CPU
		{4AB8E4DD-E482-4F08-B5DF-1D0A2BCDDEF3}.Debug|Any CPU.Build.0 = Debug|Any CPU
		{4AB8E4DD-E482-4F08-B5DF-1D0A2BCDDEF3}.Release|Any CPU.ActiveCfg = Release|Any CPU
		{4AB8E4DD-E482-4F08-B5DF-1D0A2BCDDEF3}.Release|Any CPU.Build.0 = Release|Any CPU
		{F2E86CED-7DA6-4E81-9D92-6CC4B9F0B93B}.Debug|Any CPU.ActiveCfg = Debug|Any CPU
		{F2E86CED-7DA6-4E81-9D92-6CC4B9F0B93B}.Debug|Any CPU.Build.0 = Debug|Any CPU
		{F2E86CED-7DA6-4E81-9D92-6CC4B9F0B93B}.Release|Any CPU.ActiveCfg = Release|Any CPU
		{F2E86CED-7DA6-4E81-9D92-6CC4B9F0B93B}.Release|Any CPU.Build.0 = Release|Any CPU
		{733802CF-2725-4D99-83CE-B6A0328B2D90}.Debug|Any CPU.ActiveCfg = Debug|Any CPU
		{733802CF-2725-4D99-83CE-B6A0328B2D90}.Debug|Any CPU.Build.0 = Debug|Any CPU
		{733802CF-2725-4D99-83CE-B6A0328B2D90}.Release|Any CPU.ActiveCfg = Release|Any CPU
		{733802CF-2725-4D99-83CE-B6A0328B2D90}.Release|Any CPU.Build.0 = Release|Any CPU
		{33F586B2-AF71-4A72-8D0B-55A9E4DF76CE}.Debug|Any CPU.ActiveCfg = Debug|Any CPU
		{33F586B2-AF71-4A72-8D0B-55A9E4DF76CE}.Debug|Any CPU.Build.0 = Debug|Any CPU
		{33F586B2-AF71-4A72-8D0B-55A9E4DF76CE}.Release|Any CPU.ActiveCfg = Release|Any CPU
		{33F586B2-AF71-4A72-8D0B-55A9E4DF76CE}.Release|Any CPU.Build.0 = Release|Any CPU
		{6C40681B-17B7-4A82-8731-133A94EF7A03}.Debug|Any CPU.ActiveCfg = Debug|Any CPU
		{6C40681B-17B7-4A82-8731-133A94EF7A03}.Debug|Any CPU.Build.0 = Debug|Any CPU
		{6C40681B-17B7-4A82-8731-133A94EF7A03}.Release|Any CPU.ActiveCfg = Release|Any CPU
		{6C40681B-17B7-4A82-8731-133A94EF7A03}.Release|Any CPU.Build.0 = Release|Any CPU
		{BCAE65AB-E925-4C4E-8505-A5AFD6171BCB}.Debug|Any CPU.ActiveCfg = Debug|Any CPU
		{BCAE65AB-E925-4C4E-8505-A5AFD6171BCB}.Debug|Any CPU.Build.0 = Debug|Any CPU
		{BCAE65AB-E925-4C4E-8505-A5AFD6171BCB}.Release|Any CPU.ActiveCfg = Release|Any CPU
		{BCAE65AB-E925-4C4E-8505-A5AFD6171BCB}.Release|Any CPU.Build.0 = Release|Any CPU
		{344BA2E1-8DDB-468E-9929-EF0E1046ABEA}.Debug|Any CPU.ActiveCfg = Debug|Any CPU
		{344BA2E1-8DDB-468E-9929-EF0E1046ABEA}.Debug|Any CPU.Build.0 = Debug|Any CPU
		{344BA2E1-8DDB-468E-9929-EF0E1046ABEA}.Release|Any CPU.ActiveCfg = Release|Any CPU
		{344BA2E1-8DDB-468E-9929-EF0E1046ABEA}.Release|Any CPU.Build.0 = Release|Any CPU
		{0E666975-28EB-42C7-BC8B-259AC7A4CB45}.Debug|Any CPU.ActiveCfg = Debug|Any CPU
		{0E666975-28EB-42C7-BC8B-259AC7A4CB45}.Debug|Any CPU.Build.0 = Debug|Any CPU
		{0E666975-28EB-42C7-BC8B-259AC7A4CB45}.Release|Any CPU.ActiveCfg = Release|Any CPU
		{0E666975-28EB-42C7-BC8B-259AC7A4CB45}.Release|Any CPU.Build.0 = Release|Any CPU
		{73C0E2A9-6405-4CC4-BC4C-AE3C6207EA9E}.Debug|Any CPU.ActiveCfg = Debug|Any CPU
		{73C0E2A9-6405-4CC4-BC4C-AE3C6207EA9E}.Debug|Any CPU.Build.0 = Debug|Any CPU
		{73C0E2A9-6405-4CC4-BC4C-AE3C6207EA9E}.Release|Any CPU.ActiveCfg = Release|Any CPU
		{73C0E2A9-6405-4CC4-BC4C-AE3C6207EA9E}.Release|Any CPU.Build.0 = Release|Any CPU
		{EFCE7FD8-5B6A-47FC-AC2A-BBE42D58182E}.Debug|Any CPU.ActiveCfg = Debug|Any CPU
		{EFCE7FD8-5B6A-47FC-AC2A-BBE42D58182E}.Debug|Any CPU.Build.0 = Debug|Any CPU
		{EFCE7FD8-5B6A-47FC-AC2A-BBE42D58182E}.Release|Any CPU.ActiveCfg = Release|Any CPU
		{EFCE7FD8-5B6A-47FC-AC2A-BBE42D58182E}.Release|Any CPU.Build.0 = Release|Any CPU
		{2CB38DC0-EDC6-46C0-8C7C-D288E5382213}.Debug|Any CPU.ActiveCfg = Debug|Any CPU
		{2CB38DC0-EDC6-46C0-8C7C-D288E5382213}.Debug|Any CPU.Build.0 = Debug|Any CPU
		{2CB38DC0-EDC6-46C0-8C7C-D288E5382213}.Release|Any CPU.ActiveCfg = Release|Any CPU
		{2CB38DC0-EDC6-46C0-8C7C-D288E5382213}.Release|Any CPU.Build.0 = Release|Any CPU
		{046FEB58-B768-4052-96DF-007375C2ECC0}.Debug|Any CPU.ActiveCfg = Debug|Any CPU
		{046FEB58-B768-4052-96DF-007375C2ECC0}.Debug|Any CPU.Build.0 = Debug|Any CPU
		{046FEB58-B768-4052-96DF-007375C2ECC0}.Release|Any CPU.ActiveCfg = Release|Any CPU
		{046FEB58-B768-4052-96DF-007375C2ECC0}.Release|Any CPU.Build.0 = Release|Any CPU
		{EC249F93-AA13-4D24-AB0A-6CC66E13DAE2}.Debug|Any CPU.ActiveCfg = Debug|Any CPU
		{EC249F93-AA13-4D24-AB0A-6CC66E13DAE2}.Debug|Any CPU.Build.0 = Debug|Any CPU
		{EC249F93-AA13-4D24-AB0A-6CC66E13DAE2}.Release|Any CPU.ActiveCfg = Release|Any CPU
		{EC249F93-AA13-4D24-AB0A-6CC66E13DAE2}.Release|Any CPU.Build.0 = Release|Any CPU
		{676F3C91-EC2C-4FF4-91D7-82D05008C5D5}.Debug|Any CPU.ActiveCfg = Debug|Any CPU
		{676F3C91-EC2C-4FF4-91D7-82D05008C5D5}.Debug|Any CPU.Build.0 = Debug|Any CPU
		{676F3C91-EC2C-4FF4-91D7-82D05008C5D5}.Release|Any CPU.ActiveCfg = Release|Any CPU
		{676F3C91-EC2C-4FF4-91D7-82D05008C5D5}.Release|Any CPU.Build.0 = Release|Any CPU
		{6F682624-3CBD-4F33-BE8C-43142B6B4D3D}.Debug|Any CPU.ActiveCfg = Debug|Any CPU
		{6F682624-3CBD-4F33-BE8C-43142B6B4D3D}.Debug|Any CPU.Build.0 = Debug|Any CPU
		{6F682624-3CBD-4F33-BE8C-43142B6B4D3D}.Release|Any CPU.ActiveCfg = Release|Any CPU
		{6F682624-3CBD-4F33-BE8C-43142B6B4D3D}.Release|Any CPU.Build.0 = Release|Any CPU
		{16200917-A2D5-4189-9FFF-9C37451D4D47}.Debug|Any CPU.ActiveCfg = Debug|Any CPU
		{16200917-A2D5-4189-9FFF-9C37451D4D47}.Debug|Any CPU.Build.0 = Debug|Any CPU
		{16200917-A2D5-4189-9FFF-9C37451D4D47}.Release|Any CPU.ActiveCfg = Release|Any CPU
		{16200917-A2D5-4189-9FFF-9C37451D4D47}.Release|Any CPU.Build.0 = Release|Any CPU
		{8D1690A8-C402-417D-933E-6F5B7EE502FB}.Debug|Any CPU.ActiveCfg = Debug|Any CPU
		{8D1690A8-C402-417D-933E-6F5B7EE502FB}.Debug|Any CPU.Build.0 = Debug|Any CPU
		{8D1690A8-C402-417D-933E-6F5B7EE502FB}.Release|Any CPU.ActiveCfg = Release|Any CPU
		{8D1690A8-C402-417D-933E-6F5B7EE502FB}.Release|Any CPU.Build.0 = Release|Any CPU
		{73756E27-3467-4D69-BB69-36B42D833460}.Debug|Any CPU.ActiveCfg = Debug|Any CPU
		{73756E27-3467-4D69-BB69-36B42D833460}.Debug|Any CPU.Build.0 = Debug|Any CPU
		{73756E27-3467-4D69-BB69-36B42D833460}.Release|Any CPU.ActiveCfg = Release|Any CPU
		{73756E27-3467-4D69-BB69-36B42D833460}.Release|Any CPU.Build.0 = Release|Any CPU
		{C8480C78-E1D0-4B34-A08B-6CAF730CBC9B}.Debug|Any CPU.ActiveCfg = Debug|Any CPU
		{C8480C78-E1D0-4B34-A08B-6CAF730CBC9B}.Debug|Any CPU.Build.0 = Debug|Any CPU
		{C8480C78-E1D0-4B34-A08B-6CAF730CBC9B}.Release|Any CPU.ActiveCfg = Release|Any CPU
		{C8480C78-E1D0-4B34-A08B-6CAF730CBC9B}.Release|Any CPU.Build.0 = Release|Any CPU
		{1E02BCA2-2279-4D7D-BDEF-95E174B2549A}.Debug|Any CPU.ActiveCfg = Debug|Any CPU
		{1E02BCA2-2279-4D7D-BDEF-95E174B2549A}.Debug|Any CPU.Build.0 = Debug|Any CPU
		{1E02BCA2-2279-4D7D-BDEF-95E174B2549A}.Release|Any CPU.ActiveCfg = Release|Any CPU
		{1E02BCA2-2279-4D7D-BDEF-95E174B2549A}.Release|Any CPU.Build.0 = Release|Any CPU
		{13DD0DCF-4E34-4403-8C4E-8AEC56E8222F}.Debug|Any CPU.ActiveCfg = Debug|Any CPU
		{13DD0DCF-4E34-4403-8C4E-8AEC56E8222F}.Debug|Any CPU.Build.0 = Debug|Any CPU
		{13DD0DCF-4E34-4403-8C4E-8AEC56E8222F}.Release|Any CPU.ActiveCfg = Release|Any CPU
		{13DD0DCF-4E34-4403-8C4E-8AEC56E8222F}.Release|Any CPU.Build.0 = Release|Any CPU
		{B4ADF830-D999-4EB5-B54D-EA13F514CED2}.Debug|Any CPU.ActiveCfg = Debug|Any CPU
		{B4ADF830-D999-4EB5-B54D-EA13F514CED2}.Debug|Any CPU.Build.0 = Debug|Any CPU
		{B4ADF830-D999-4EB5-B54D-EA13F514CED2}.Release|Any CPU.ActiveCfg = Release|Any CPU
		{B4ADF830-D999-4EB5-B54D-EA13F514CED2}.Release|Any CPU.Build.0 = Release|Any CPU
		{2E50B96A-0D74-42E8-95F7-FBF9EFD215F2}.Debug|Any CPU.ActiveCfg = Debug|Any CPU
		{2E50B96A-0D74-42E8-95F7-FBF9EFD215F2}.Debug|Any CPU.Build.0 = Debug|Any CPU
		{2E50B96A-0D74-42E8-95F7-FBF9EFD215F2}.Release|Any CPU.ActiveCfg = Release|Any CPU
		{2E50B96A-0D74-42E8-95F7-FBF9EFD215F2}.Release|Any CPU.Build.0 = Release|Any CPU
		{A0A0E2C4-840B-4EA9-A95B-395B40D808DE}.Debug|Any CPU.ActiveCfg = Debug|Any CPU
		{A0A0E2C4-840B-4EA9-A95B-395B40D808DE}.Debug|Any CPU.Build.0 = Debug|Any CPU
		{A0A0E2C4-840B-4EA9-A95B-395B40D808DE}.Release|Any CPU.ActiveCfg = Release|Any CPU
		{A0A0E2C4-840B-4EA9-A95B-395B40D808DE}.Release|Any CPU.Build.0 = Release|Any CPU
		{0F4CEFB2-EFB7-489C-9FB1-97D42A498329}.Debug|Any CPU.ActiveCfg = Debug|Any CPU
		{0F4CEFB2-EFB7-489C-9FB1-97D42A498329}.Debug|Any CPU.Build.0 = Debug|Any CPU
		{0F4CEFB2-EFB7-489C-9FB1-97D42A498329}.Release|Any CPU.ActiveCfg = Release|Any CPU
		{0F4CEFB2-EFB7-489C-9FB1-97D42A498329}.Release|Any CPU.Build.0 = Release|Any CPU
		{B82CD340-11B7-49D8-8BC6-BA929B457396}.Debug|Any CPU.ActiveCfg = Debug|Any CPU
		{B82CD340-11B7-49D8-8BC6-BA929B457396}.Debug|Any CPU.Build.0 = Debug|Any CPU
		{B82CD340-11B7-49D8-8BC6-BA929B457396}.Release|Any CPU.ActiveCfg = Release|Any CPU
		{B82CD340-11B7-49D8-8BC6-BA929B457396}.Release|Any CPU.Build.0 = Release|Any CPU
		{8518674C-843F-4BCF-BAD3-3EAEB28E48EF}.Debug|Any CPU.ActiveCfg = Debug|Any CPU
		{8518674C-843F-4BCF-BAD3-3EAEB28E48EF}.Debug|Any CPU.Build.0 = Debug|Any CPU
		{8518674C-843F-4BCF-BAD3-3EAEB28E48EF}.Release|Any CPU.ActiveCfg = Release|Any CPU
		{8518674C-843F-4BCF-BAD3-3EAEB28E48EF}.Release|Any CPU.Build.0 = Release|Any CPU
		{8E1097EF-74D9-4BC0-A138-4E26DCBB94D4}.Debug|Any CPU.ActiveCfg = Debug|Any CPU
		{8E1097EF-74D9-4BC0-A138-4E26DCBB94D4}.Debug|Any CPU.Build.0 = Debug|Any CPU
		{8E1097EF-74D9-4BC0-A138-4E26DCBB94D4}.Release|Any CPU.ActiveCfg = Release|Any CPU
		{8E1097EF-74D9-4BC0-A138-4E26DCBB94D4}.Release|Any CPU.Build.0 = Release|Any CPU
		{7626F8EB-0BA2-4385-ACE8-F2FAB60DFB0F}.Debug|Any CPU.ActiveCfg = Debug|Any CPU
		{7626F8EB-0BA2-4385-ACE8-F2FAB60DFB0F}.Debug|Any CPU.Build.0 = Debug|Any CPU
		{7626F8EB-0BA2-4385-ACE8-F2FAB60DFB0F}.Release|Any CPU.ActiveCfg = Release|Any CPU
		{7626F8EB-0BA2-4385-ACE8-F2FAB60DFB0F}.Release|Any CPU.Build.0 = Release|Any CPU
		{4E8481AF-EA75-4308-85F3-B967EBFD4F05}.Debug|Any CPU.ActiveCfg = Debug|Any CPU
		{4E8481AF-EA75-4308-85F3-B967EBFD4F05}.Debug|Any CPU.Build.0 = Debug|Any CPU
		{4E8481AF-EA75-4308-85F3-B967EBFD4F05}.Release|Any CPU.ActiveCfg = Release|Any CPU
		{4E8481AF-EA75-4308-85F3-B967EBFD4F05}.Release|Any CPU.Build.0 = Release|Any CPU
		{56B68B73-4D97-4443-A74D-F18E85BA5E63}.Debug|Any CPU.ActiveCfg = Debug|Any CPU
		{56B68B73-4D97-4443-A74D-F18E85BA5E63}.Debug|Any CPU.Build.0 = Debug|Any CPU
		{56B68B73-4D97-4443-A74D-F18E85BA5E63}.Release|Any CPU.ActiveCfg = Release|Any CPU
		{56B68B73-4D97-4443-A74D-F18E85BA5E63}.Release|Any CPU.Build.0 = Release|Any CPU
		{A8407EB6-A469-46A0-979D-EC64084A6931}.Debug|Any CPU.ActiveCfg = Debug|Any CPU
		{A8407EB6-A469-46A0-979D-EC64084A6931}.Debug|Any CPU.Build.0 = Debug|Any CPU
		{A8407EB6-A469-46A0-979D-EC64084A6931}.Release|Any CPU.ActiveCfg = Release|Any CPU
		{A8407EB6-A469-46A0-979D-EC64084A6931}.Release|Any CPU.Build.0 = Release|Any CPU
		{9866045E-EB2E-470A-9790-89EDE0012528}.Debug|Any CPU.ActiveCfg = Debug|Any CPU
		{9866045E-EB2E-470A-9790-89EDE0012528}.Debug|Any CPU.Build.0 = Debug|Any CPU
		{9866045E-EB2E-470A-9790-89EDE0012528}.Release|Any CPU.ActiveCfg = Release|Any CPU
		{9866045E-EB2E-470A-9790-89EDE0012528}.Release|Any CPU.Build.0 = Release|Any CPU
		{B5D97B60-A0E2-4DD8-969D-EC30EC3C53E5}.Debug|Any CPU.ActiveCfg = Debug|Any CPU
		{B5D97B60-A0E2-4DD8-969D-EC30EC3C53E5}.Debug|Any CPU.Build.0 = Debug|Any CPU
		{B5D97B60-A0E2-4DD8-969D-EC30EC3C53E5}.Release|Any CPU.ActiveCfg = Release|Any CPU
		{B5D97B60-A0E2-4DD8-969D-EC30EC3C53E5}.Release|Any CPU.Build.0 = Release|Any CPU
		{7DCA0235-4A6E-4DE8-A5F4-8E14333D0334}.Debug|Any CPU.ActiveCfg = Debug|Any CPU
		{7DCA0235-4A6E-4DE8-A5F4-8E14333D0334}.Debug|Any CPU.Build.0 = Debug|Any CPU
		{7DCA0235-4A6E-4DE8-A5F4-8E14333D0334}.Release|Any CPU.ActiveCfg = Release|Any CPU
		{7DCA0235-4A6E-4DE8-A5F4-8E14333D0334}.Release|Any CPU.Build.0 = Release|Any CPU
		{C950BE77-6B0D-47C7-82DD-CB292E93EECB}.Debug|Any CPU.ActiveCfg = Debug|Any CPU
		{C950BE77-6B0D-47C7-82DD-CB292E93EECB}.Debug|Any CPU.Build.0 = Debug|Any CPU
		{C950BE77-6B0D-47C7-82DD-CB292E93EECB}.Release|Any CPU.ActiveCfg = Release|Any CPU
		{C950BE77-6B0D-47C7-82DD-CB292E93EECB}.Release|Any CPU.Build.0 = Release|Any CPU
	EndGlobalSection
	GlobalSection(SolutionProperties) = preSolution
		HideSolutionNode = FALSE
	EndGlobalSection
	GlobalSection(NestedProjects) = preSolution
		{472F1568-1DD9-437B-B406-937E646D88C8} = {97EFB47D-F138-409A-AB76-E839B179D8F3}
		{8F6B3DC5-9AE0-43CD-9FF6-BC23FDFA30EF} = {97EFB47D-F138-409A-AB76-E839B179D8F3}
		{2657C168-599D-404E-AB24-40024E7DB196} = {97EFB47D-F138-409A-AB76-E839B179D8F3}
		{8919F57D-37A7-4410-89F8-A6468E98807F} = {97EFB47D-F138-409A-AB76-E839B179D8F3}
		{BB0E1D0B-54AD-48B8-A327-E6C3B3EC1AD7} = {97EFB47D-F138-409A-AB76-E839B179D8F3}
		{2A599A85-9824-4090-A803-3BB9A533DD88} = {8D9005C7-B5D0-47F2-B331-554E661C8C06}
		{4E21C283-912D-47C5-88F7-C5907CF3C366} = {8D9005C7-B5D0-47F2-B331-554E661C8C06}
		{FE5CADD3-F641-4FCB-9470-98D60FF3E03A} = {8D9005C7-B5D0-47F2-B331-554E661C8C06}
		{B39C9D1B-6922-4D76-AA4A-77833FC3ABCC} = {8D9005C7-B5D0-47F2-B331-554E661C8C06}
		{C57A7D02-86D1-4890-96DD-4CC44EAC1942} = {8D9005C7-B5D0-47F2-B331-554E661C8C06}
		{4AB8E4DD-E482-4F08-B5DF-1D0A2BCDDEF3} = {F30CF65B-327A-440E-BC4B-5F17463D6CC5}
		{F2E86CED-7DA6-4E81-9D92-6CC4B9F0B93B} = {F30CF65B-327A-440E-BC4B-5F17463D6CC5}
		{733802CF-2725-4D99-83CE-B6A0328B2D90} = {5C4773CE-F79C-4447-B42D-AC31F83456FC}
		{33F586B2-AF71-4A72-8D0B-55A9E4DF76CE} = {378187E8-EDC8-42BB-800C-232E1CEF4340}
		{6C40681B-17B7-4A82-8731-133A94EF7A03} = {378187E8-EDC8-42BB-800C-232E1CEF4340}
		{BCAE65AB-E925-4C4E-8505-A5AFD6171BCB} = {378187E8-EDC8-42BB-800C-232E1CEF4340}
		{344BA2E1-8DDB-468E-9929-EF0E1046ABEA} = {378187E8-EDC8-42BB-800C-232E1CEF4340}
		{0E666975-28EB-42C7-BC8B-259AC7A4CB45} = {378187E8-EDC8-42BB-800C-232E1CEF4340}
		{73C0E2A9-6405-4CC4-BC4C-AE3C6207EA9E} = {F57DEEF5-C36C-4053-8A9C-495885B78B8D}
		{EFCE7FD8-5B6A-47FC-AC2A-BBE42D58182E} = {F57DEEF5-C36C-4053-8A9C-495885B78B8D}
		{2CB38DC0-EDC6-46C0-8C7C-D288E5382213} = {F57DEEF5-C36C-4053-8A9C-495885B78B8D}
		{046FEB58-B768-4052-96DF-007375C2ECC0} = {F57DEEF5-C36C-4053-8A9C-495885B78B8D}
		{EC249F93-AA13-4D24-AB0A-6CC66E13DAE2} = {F57DEEF5-C36C-4053-8A9C-495885B78B8D}
		{676F3C91-EC2C-4FF4-91D7-82D05008C5D5} = {F57DEEF5-C36C-4053-8A9C-495885B78B8D}
		{6F682624-3CBD-4F33-BE8C-43142B6B4D3D} = {F57DEEF5-C36C-4053-8A9C-495885B78B8D}
		{16200917-A2D5-4189-9FFF-9C37451D4D47} = {F57DEEF5-C36C-4053-8A9C-495885B78B8D}
		{8D1690A8-C402-417D-933E-6F5B7EE502FB} = {F57DEEF5-C36C-4053-8A9C-495885B78B8D}
		{73756E27-3467-4D69-BB69-36B42D833460} = {378187E8-EDC8-42BB-800C-232E1CEF4340}
		{C8480C78-E1D0-4B34-A08B-6CAF730CBC9B} = {378187E8-EDC8-42BB-800C-232E1CEF4340}
		{1E02BCA2-2279-4D7D-BDEF-95E174B2549A} = {F57DEEF5-C36C-4053-8A9C-495885B78B8D}
		{13DD0DCF-4E34-4403-8C4E-8AEC56E8222F} = {F57DEEF5-C36C-4053-8A9C-495885B78B8D}
		{B4ADF830-D999-4EB5-B54D-EA13F514CED2} = {F57DEEF5-C36C-4053-8A9C-495885B78B8D}
		{2E50B96A-0D74-42E8-95F7-FBF9EFD215F2} = {F57DEEF5-C36C-4053-8A9C-495885B78B8D}
		{A0A0E2C4-840B-4EA9-A95B-395B40D808DE} = {F57DEEF5-C36C-4053-8A9C-495885B78B8D}
		{0F4CEFB2-EFB7-489C-9FB1-97D42A498329} = {F57DEEF5-C36C-4053-8A9C-495885B78B8D}
		{B82CD340-11B7-49D8-8BC6-BA929B457396} = {F57DEEF5-C36C-4053-8A9C-495885B78B8D}
		{8518674C-843F-4BCF-BAD3-3EAEB28E48EF} = {F57DEEF5-C36C-4053-8A9C-495885B78B8D}
		{8E1097EF-74D9-4BC0-A138-4E26DCBB94D4} = {F57DEEF5-C36C-4053-8A9C-495885B78B8D}
		{7626F8EB-0BA2-4385-ACE8-F2FAB60DFB0F} = {3E66EF8B-AA95-423A-9A3C-A8CC16721FB4}
		{4E8481AF-EA75-4308-85F3-B967EBFD4F05} = {3E66EF8B-AA95-423A-9A3C-A8CC16721FB4}
		{56B68B73-4D97-4443-A74D-F18E85BA5E63} = {A1D39A80-300C-425A-9B8B-B11F049E0F96}
		{A8407EB6-A469-46A0-979D-EC64084A6931} = {A1D39A80-300C-425A-9B8B-B11F049E0F96}
		{9866045E-EB2E-470A-9790-89EDE0012528} = {A1D39A80-300C-425A-9B8B-B11F049E0F96}
		{B5D97B60-A0E2-4DD8-969D-EC30EC3C53E5} = {243AF777-AFDF-4896-AB39-B51D17C5D55F}
		{7DCA0235-4A6E-4DE8-A5F4-8E14333D0334} = {243AF777-AFDF-4896-AB39-B51D17C5D55F}
	EndGlobalSection
	GlobalSection(ExtensibilityGlobals) = postSolution
		SolutionGuid = {970B4A6D-8BC1-47B1-BD85-8A6648A5AC0C}
	EndGlobalSection
EndGlobal
